
Microsoft Visual Studio Solution File, Format Version 12.00
# Visual Studio Version 16
VisualStudioVersion = 16.0.31624.102
MinimumVisualStudioVersion = 10.0.40219.1
Project("{FAE04EC0-301F-11D3-BF4B-00C04F79EFBC}") = "Log_Reg", "Log_Reg.csproj", "{74F712EE-03C8-44F5-BB0F-238F6B687866}"
EndProject
Project("{FAE04EC0-301F-11D3-BF4B-00C04F79EFBC}") = "DataAccessLayer", "..\DataAccessLayer\DataAccessLayer.csproj", "{884A5CD1-BD94-4B63-8473-4EBDCA3E2B47}"
EndProject
Global
	GlobalSection(SolutionConfigurationPlatforms) = preSolution
		Debug|Any CPU = Debug|Any CPU
		Release|Any CPU = Release|Any CPU
	EndGlobalSection
	GlobalSection(ProjectConfigurationPlatforms) = postSolution
		{74F712EE-03C8-44F5-BB0F-238F6B687866}.Debug|Any CPU.ActiveCfg = Debug|Any CPU
		{74F712EE-03C8-44F5-BB0F-238F6B687866}.Debug|Any CPU.Build.0 = Debug|Any CPU
		{74F712EE-03C8-44F5-BB0F-238F6B687866}.Release|Any CPU.ActiveCfg = Release|Any CPU
		{74F712EE-03C8-44F5-BB0F-238F6B687866}.Release|Any CPU.Build.0 = Release|Any CPU
		{884A5CD1-BD94-4B63-8473-4EBDCA3E2B47}.Debug|Any CPU.ActiveCfg = Debug|Any CPU
		{884A5CD1-BD94-4B63-8473-4EBDCA3E2B47}.Debug|Any CPU.Build.0 = Debug|Any CPU
		{884A5CD1-BD94-4B63-8473-4EBDCA3E2B47}.Release|Any CPU.ActiveCfg = Release|Any CPU
		{884A5CD1-BD94-4B63-8473-4EBDCA3E2B47}.Release|Any CPU.Build.0 = Release|Any CPU
	EndGlobalSection
	GlobalSection(SolutionProperties) = preSolution
		HideSolutionNode = FALSE
	EndGlobalSection
	GlobalSection(ExtensibilityGlobals) = postSolution
		SolutionGuid = {FC4DB7CF-13A9-411E-BD7D-C03EBF6C09D2}
	EndGlobalSection
EndGlobal
